{
  "name": "aoc2020",
  "version": "1.0.0",
  "lockfileVersion": 1,
  "requires": true,
  "dependencies": {
    "lodash": {
      "version": "4.17.20",
      "resolved": "https://registry.npmjs.org/lodash/-/lodash-4.17.20.tgz",
      "integrity": "sha512-PlhdFcillOINfeV7Ni6oF1TAEayyZBoZ8bcshTHqOYJYlrqzRK5hagpagky5o4HfCzzd1TRkXPMFq6cKk9rGmA=="
    },
    "lodash.product": {
      "version": "18.9.19",
      "resolved": "https://registry.npmjs.org/lodash.product/-/lodash.product-18.9.19.tgz",
      "integrity": "sha512-yPX6KO0jveBR/DjSngqvUEynWTb4oJwB8g5WseShPzX0CO8pjX1gxlR5Fo7V3E81uPDc9mEuNVw3Ah6df9uy0g=="
    },
    "moment": {
      "version": "2.29.1",
      "resolved": "https://registry.npmjs.org/moment/-/moment-2.29.1.tgz",
      "integrity": "sha512-kHmoybcPV8Sqy59DwNDY3Jefr64lK/by/da0ViFcuA4DH0vQg5Q6Ze5VimxkfQNSC+Mls/Kx53s7TjP1RhFEDQ=="
    }
  }
}
